
Microsoft Visual Studio Solution File, Format Version 12.00
# Visual Studio Version 17
VisualStudioVersion = 17.8.34330.188
MinimumVisualStudioVersion = 10.0.40219.1
Project("{8BC9CEB8-8B4A-11D0-8D11-00A0C91BC942}") = "Kokojambo", "Kokojambo\Kokojambo.vcxproj", "{0AE518D1-3AC5-478B-BBCE-523B2B9E2007}"
EndProject
Global
	GlobalSection(SolutionConfigurationPlatforms) = preSolution
		Debug|x64 = Debug|x64
		Debug|x86 = Debug|x86
		Release|x64 = Release|x64
		Release|x86 = Release|x86
	EndGlobalSection
	GlobalSection(ProjectConfigurationPlatforms) = postSolution
		{0AE518D1-3AC5-478B-BBCE-523B2B9E2007}.Debug|x64.ActiveCfg = Debug|x64
		{0AE518D1-3AC5-478B-BBCE-523B2B9E2007}.Debug|x64.Build.0 = Debug|x64
		{0AE518D1-3AC5-478B-BBCE-523B2B9E2007}.Debug|x86.ActiveCfg = Debug|Win32
		{0AE518D1-3AC5-478B-BBCE-523B2B9E2007}.Debug|x86.Build.0 = Debug|Win32
		{0AE518D1-3AC5-478B-BBCE-523B2B9E2007}.Release|x64.ActiveCfg = Release|x64
		{0AE518D1-3AC5-478B-BBCE-523B2B9E2007}.Release|x64.Build.0 = Release|x64
		{0AE518D1-3AC5-478B-BBCE-523B2B9E2007}.Release|x86.ActiveCfg = Release|Win32
		{0AE518D1-3AC5-478B-BBCE-523B2B9E2007}.Release|x86.Build.0 = Release|Win32
	EndGlobalSection
	GlobalSection(SolutionProperties) = preSolution
		HideSolutionNode = FALSE
	EndGlobalSection
	GlobalSection(ExtensibilityGlobals) = postSolution
		SolutionGuid = {58571E39-AE57-4D6D-AABA-04CA106508DF}
	EndGlobalSection
EndGlobal
